
Microsoft Visual Studio Solution File, Format Version 12.00
# Visual Studio Version 16
VisualStudioVersion = 16.0.28803.352
MinimumVisualStudioVersion = 10.0.40219.1
Project("{FAE04EC0-301F-11D3-BF4B-00C04F79EFBC}") = "IntroMvc", "IntroMvc\IntroMvc.csproj", "{3D527B38-9342-4BF6-82EF-AC6933E6B7FF}"
EndProject
Global
	GlobalSection(SolutionConfigurationPlatforms) = preSolution
		Debug|Any CPU = Debug|Any CPU
		Release|Any CPU = Release|Any CPU
	EndGlobalSection
	GlobalSection(ProjectConfigurationPlatforms) = postSolution
		{3D527B38-9342-4BF6-82EF-AC6933E6B7FF}.Debug|Any CPU.ActiveCfg = Debug|Any CPU
		{3D527B38-9342-4BF6-82EF-AC6933E6B7FF}.Debug|Any CPU.Build.0 = Debug|Any CPU
		{3D527B38-9342-4BF6-82EF-AC6933E6B7FF}.Release|Any CPU.ActiveCfg = Release|Any CPU
		{3D527B38-9342-4BF6-82EF-AC6933E6B7FF}.Release|Any CPU.Build.0 = Release|Any CPU
	EndGlobalSection
	GlobalSection(SolutionProperties) = preSolution
		HideSolutionNode = FALSE
	EndGlobalSection
	GlobalSection(ExtensibilityGlobals) = postSolution
		SolutionGuid = {3F0377B6-1BF6-48D0-B06E-BF089B67A168}
	EndGlobalSection
EndGlobal
